
Microsoft Visual Studio Solution File, Format Version 12.00
# Visual Studio Version 16
VisualStudioVersion = 16.0.31025.194
MinimumVisualStudioVersion = 10.0.40219.1
Project("{9A19103F-16F7-4668-BE54-9A1E7A4F7556}") = "NasiPadang", "NasiPadang\NasiPadang.csproj", "{396B96F2-0596-4D09-A4FC-E2E7B59AEC16}"
EndProject
Project("{2150E333-8FDC-42A3-9474-1A3956D46DE8}") = "Solution Items", "Solution Items", "{56ADE504-2F77-4838-BB38-25E810D8C5FC}"
	ProjectSection(SolutionItems) = preProject
		Graph.cs = Graph.cs
	EndProjectSection
EndProject
Global
	GlobalSection(SolutionConfigurationPlatforms) = preSolution
		Debug|Any CPU = Debug|Any CPU
		Release|Any CPU = Release|Any CPU
	EndGlobalSection
	GlobalSection(ProjectConfigurationPlatforms) = postSolution
		{396B96F2-0596-4D09-A4FC-E2E7B59AEC16}.Debug|Any CPU.ActiveCfg = Debug|Any CPU
		{396B96F2-0596-4D09-A4FC-E2E7B59AEC16}.Debug|Any CPU.Build.0 = Debug|Any CPU
		{396B96F2-0596-4D09-A4FC-E2E7B59AEC16}.Release|Any CPU.ActiveCfg = Release|Any CPU
		{396B96F2-0596-4D09-A4FC-E2E7B59AEC16}.Release|Any CPU.Build.0 = Release|Any CPU
	EndGlobalSection
	GlobalSection(SolutionProperties) = preSolution
		HideSolutionNode = FALSE
	EndGlobalSection
	GlobalSection(ExtensibilityGlobals) = postSolution
		SolutionGuid = {0E3C8F87-3873-4FCF-BB4C-66AE5DEB2074}
	EndGlobalSection
EndGlobal
